// !$*UTF8*$!
{
	archiveVersion = 1;
	classes = {
	};
	objectVersion = 50;
	objects = {

/* Begin PBXBuildFile section */
		0A415D5E0168F2EBFBDC0BE1 /* Pods_FiveFriendsTests.framework in Frameworks */ = {isa = PBXBuildFile; fileRef = 02889AAA095BE431E757ABD0 /* Pods_FiveFriendsTests.framework */; };
		7FD35168227E356A007A3B16 /* AppDelegate.swift in Sources */ = {isa = PBXBuildFile; fileRef = 7FD35167227E356A007A3B16 /* AppDelegate.swift */; };
		7FD3516A227E356A007A3B16 /* ViewController.swift in Sources */ = {isa = PBXBuildFile; fileRef = 7FD35169227E356A007A3B16 /* ViewController.swift */; };
		7FD3516D227E356A007A3B16 /* Main.storyboard in Resources */ = {isa = PBXBuildFile; fileRef = 7FD3516B227E356A007A3B16 /* Main.storyboard */; };
		7FD3516F227E356B007A3B16 /* Assets.xcassets in Resources */ = {isa = PBXBuildFile; fileRef = 7FD3516E227E356B007A3B16 /* Assets.xcassets */; };
		7FD35172227E356B007A3B16 /* LaunchScreen.storyboard in Resources */ = {isa = PBXBuildFile; fileRef = 7FD35170227E356B007A3B16 /* LaunchScreen.storyboard */; };
		7FD3517D227E356C007A3B16 /* FiveFriendsTests.swift in Sources */ = {isa = PBXBuildFile; fileRef = 7FD3517C227E356C007A3B16 /* FiveFriendsTests.swift */; };
		7FD35188227E356C007A3B16 /* FiveFriendsUITests.swift in Sources */ = {isa = PBXBuildFile; fileRef = 7FD35187227E356C007A3B16 /* FiveFriendsUITests.swift */; };
		7FD35196227E3646007A3B16 /* Podfile in Resources */ = {isa = PBXBuildFile; fileRef = 7FD35195227E3645007A3B16 /* Podfile */; };
		7FD35198227E3845007A3B16 /* .gitignore in Resources */ = {isa = PBXBuildFile; fileRef = 7FD35197227E3845007A3B16 /* .gitignore */; };
		834EAF70CD20B0CD60227A91 /* Pods_FiveFriendsUITests.framework in Frameworks */ = {isa = PBXBuildFile; fileRef = FD7412F96A118E4D9D8A3340 /* Pods_FiveFriendsUITests.framework */; };
		E4362230DAECAE1BCDC4F876 /* Pods_FiveFriends.framework in Frameworks */ = {isa = PBXBuildFile; fileRef = F85653D17B7E431C67A737B1 /* Pods_FiveFriends.framework */; };
/* End PBXBuildFile section */

/* Begin PBXContainerItemProxy section */
		7FD35179227E356C007A3B16 /* PBXContainerItemProxy */ = {
			isa = PBXContainerItemProxy;
			containerPortal = 7FD3515C227E356A007A3B16 /* Project object */;
			proxyType = 1;
			remoteGlobalIDString = 7FD35163227E356A007A3B16;
			remoteInfo = FiveFriends;
		};
		7FD35184227E356C007A3B16 /* PBXContainerItemProxy */ = {
			isa = PBXContainerItemProxy;
			containerPortal = 7FD3515C227E356A007A3B16 /* Project object */;
			proxyType = 1;
			remoteGlobalIDString = 7FD35163227E356A007A3B16;
			remoteInfo = FiveFriends;
		};
/* End PBXContainerItemProxy section */

/* Begin PBXFileReference section */
		02889AAA095BE431E757ABD0 /* Pods_FiveFriendsTests.framework */ = {isa = PBXFileReference; explicitFileType = wrapper.framework; includeInIndex = 0; path = Pods_FiveFriendsTests.framework; sourceTree = BUILT_PRODUCTS_DIR; };
		39D7016AF9DD59618F8A1976 /* Pods-FiveFriendsUITests.debug.xcconfig */ = {isa = PBXFileReference; includeInIndex = 1; lastKnownFileType = text.xcconfig; name = "Pods-FiveFriendsUITests.debug.xcconfig"; path = "Target Support Files/Pods-FiveFriendsUITests/Pods-FiveFriendsUITests.debug.xcconfig"; sourceTree = "<group>"; };
		3B9ACCF8369E9CD447C24B23 /* Pods-FiveFriends.release.xcconfig */ = {isa = PBXFileReference; includeInIndex = 1; lastKnownFileType = text.xcconfig; name = "Pods-FiveFriends.release.xcconfig"; path = "Target Support Files/Pods-FiveFriends/Pods-FiveFriends.release.xcconfig"; sourceTree = "<group>"; };
		6AB94ECBBE4FD747193D98F3 /* Pods-FiveFriendsTests.release.xcconfig */ = {isa = PBXFileReference; includeInIndex = 1; lastKnownFileType = text.xcconfig; name = "Pods-FiveFriendsTests.release.xcconfig"; path = "Target Support Files/Pods-FiveFriendsTests/Pods-FiveFriendsTests.release.xcconfig"; sourceTree = "<group>"; };
		729C42546DEFF6C3EB32415B /* Pods-FiveFriends.debug.xcconfig */ = {isa = PBXFileReference; includeInIndex = 1; lastKnownFileType = text.xcconfig; name = "Pods-FiveFriends.debug.xcconfig"; path = "Target Support Files/Pods-FiveFriends/Pods-FiveFriends.debug.xcconfig"; sourceTree = "<group>"; };
		7FD35164227E356A007A3B16 /* FiveFriends.app */ = {isa = PBXFileReference; explicitFileType = wrapper.application; includeInIndex = 0; path = FiveFriends.app; sourceTree = BUILT_PRODUCTS_DIR; };
		7FD35167227E356A007A3B16 /* AppDelegate.swift */ = {isa = PBXFileReference; lastKnownFileType = sourcecode.swift; path = AppDelegate.swift; sourceTree = "<group>"; };
		7FD35169227E356A007A3B16 /* ViewController.swift */ = {isa = PBXFileReference; lastKnownFileType = sourcecode.swift; path = ViewController.swift; sourceTree = "<group>"; };
		7FD3516C227E356A007A3B16 /* Base */ = {isa = PBXFileReference; lastKnownFileType = file.storyboard; name = Base; path = Base.lproj/Main.storyboard; sourceTree = "<group>"; };
		7FD3516E227E356B007A3B16 /* Assets.xcassets */ = {isa = PBXFileReference; lastKnownFileType = folder.assetcatalog; path = Assets.xcassets; sourceTree = "<group>"; };
		7FD35171227E356B007A3B16 /* Base */ = {isa = PBXFileReference; lastKnownFileType = file.storyboard; name = Base; path = Base.lproj/LaunchScreen.storyboard; sourceTree = "<group>"; };
		7FD35173227E356B007A3B16 /* Info.plist */ = {isa = PBXFileReference; lastKnownFileType = text.plist.xml; path = Info.plist; sourceTree = "<group>"; };
		7FD35178227E356B007A3B16 /* FiveFriendsTests.xctest */ = {isa = PBXFileReference; explicitFileType = wrapper.cfbundle; includeInIndex = 0; path = FiveFriendsTests.xctest; sourceTree = BUILT_PRODUCTS_DIR; };
		7FD3517C227E356C007A3B16 /* FiveFriendsTests.swift */ = {isa = PBXFileReference; lastKnownFileType = sourcecode.swift; path = FiveFriendsTests.swift; sourceTree = "<group>"; };
		7FD3517E227E356C007A3B16 /* Info.plist */ = {isa = PBXFileReference; lastKnownFileType = text.plist.xml; path = Info.plist; sourceTree = "<group>"; };
		7FD35183227E356C007A3B16 /* FiveFriendsUITests.xctest */ = {isa = PBXFileReference; explicitFileType = wrapper.cfbundle; includeInIndex = 0; path = FiveFriendsUITests.xctest; sourceTree = BUILT_PRODUCTS_DIR; };
		7FD35187227E356C007A3B16 /* FiveFriendsUITests.swift */ = {isa = PBXFileReference; lastKnownFileType = sourcecode.swift; path = FiveFriendsUITests.swift; sourceTree = "<group>"; };
		7FD35189227E356C007A3B16 /* Info.plist */ = {isa = PBXFileReference; lastKnownFileType = text.plist.xml; path = Info.plist; sourceTree = "<group>"; };
		7FD35195227E3645007A3B16 /* Podfile */ = {isa = PBXFileReference; fileEncoding = 4; lastKnownFileType = text; path = Podfile; sourceTree = SOURCE_ROOT; };
		7FD35197227E3845007A3B16 /* .gitignore */ = {isa = PBXFileReference; lastKnownFileType = text; path = .gitignore; sourceTree = "<group>"; };
		96EE1B03B7BE58E66858D2A2 /* Pods-FiveFriendsUITests.release.xcconfig */ = {isa = PBXFileReference; includeInIndex = 1; lastKnownFileType = text.xcconfig; name = "Pods-FiveFriendsUITests.release.xcconfig"; path = "Target Support Files/Pods-FiveFriendsUITests/Pods-FiveFriendsUITests.release.xcconfig"; sourceTree = "<group>"; };
		D2C0188553EE331D72D07251 /* Pods-FiveFriendsTests.debug.xcconfig */ = {isa = PBXFileReference; includeInIndex = 1; lastKnownFileType = text.xcconfig; name = "Pods-FiveFriendsTests.debug.xcconfig"; path = "Target Support Files/Pods-FiveFriendsTests/Pods-FiveFriendsTests.debug.xcconfig"; sourceTree = "<group>"; };
		F85653D17B7E431C67A737B1 /* Pods_FiveFriends.framework */ = {isa = PBXFileReference; explicitFileType = wrapper.framework; includeInIndex = 0; path = Pods_FiveFriends.framework; sourceTree = BUILT_PRODUCTS_DIR; };
		FD7412F96A118E4D9D8A3340 /* Pods_FiveFriendsUITests.framework */ = {isa = PBXFileReference; explicitFileType = wrapper.framework; includeInIndex = 0; path = Pods_FiveFriendsUITests.framework; sourceTree = BUILT_PRODUCTS_DIR; };
/* End PBXFileReference section */

/* Begin PBXFrameworksBuildPhase section */
		7FD35161227E356A007A3B16 /* Frameworks */ = {
			isa = PBXFrameworksBuildPhase;
			buildActionMask = 2147483647;
			files = (
				E4362230DAECAE1BCDC4F876 /* Pods_FiveFriends.framework in Frameworks */,
			);
			runOnlyForDeploymentPostprocessing = 0;
		};
		7FD35175227E356B007A3B16 /* Frameworks */ = {
			isa = PBXFrameworksBuildPhase;
			buildActionMask = 2147483647;
			files = (
				0A415D5E0168F2EBFBDC0BE1 /* Pods_FiveFriendsTests.framework in Frameworks */,
			);
			runOnlyForDeploymentPostprocessing = 0;
		};
		7FD35180227E356C007A3B16 /* Frameworks */ = {
			isa = PBXFrameworksBuildPhase;
			buildActionMask = 2147483647;
			files = (
				834EAF70CD20B0CD60227A91 /* Pods_FiveFriendsUITests.framework in Frameworks */,
			);
			runOnlyForDeploymentPostprocessing = 0;
		};
/* End PBXFrameworksBuildPhase section */

/* Begin PBXGroup section */
		13F5E5B2921CBE101FBDD76C /* Frameworks */ = {
			isa = PBXGroup;
			children = (
				F85653D17B7E431C67A737B1 /* Pods_FiveFriends.framework */,
				02889AAA095BE431E757ABD0 /* Pods_FiveFriendsTests.framework */,
				FD7412F96A118E4D9D8A3340 /* Pods_FiveFriendsUITests.framework */,
			);
			name = Frameworks;
			sourceTree = "<group>";
		};
		7FD3515B227E356A007A3B16 = {
			isa = PBXGroup;
			children = (
				7FD35166227E356A007A3B16 /* FiveFriends */,
				7FD3517B227E356C007A3B16 /* FiveFriendsTests */,
				7FD35186227E356C007A3B16 /* FiveFriendsUITests */,
				7FD35165227E356A007A3B16 /* Products */,
				ECE7B841FF4051C6E27B93FC /* Pods */,
				13F5E5B2921CBE101FBDD76C /* Frameworks */,
				7FD35195227E3645007A3B16 /* Podfile */,
				7FD35197227E3845007A3B16 /* .gitignore */,
			);
			sourceTree = "<group>";
		};
		7FD35165227E356A007A3B16 /* Products */ = {
			isa = PBXGroup;
			children = (
				7FD35164227E356A007A3B16 /* FiveFriends.app */,
				7FD35178227E356B007A3B16 /* FiveFriendsTests.xctest */,
				7FD35183227E356C007A3B16 /* FiveFriendsUITests.xctest */,
			);
			name = Products;
			sourceTree = "<group>";
		};
		7FD35166227E356A007A3B16 /* FiveFriends */ = {
			isa = PBXGroup;
			children = (
				7FD35167227E356A007A3B16 /* AppDelegate.swift */,
				7FD35169227E356A007A3B16 /* ViewController.swift */,
				7FD3516B227E356A007A3B16 /* Main.storyboard */,
				7FD3516E227E356B007A3B16 /* Assets.xcassets */,
				7FD35170227E356B007A3B16 /* LaunchScreen.storyboard */,
				7FD35173227E356B007A3B16 /* Info.plist */,
			);
			path = FiveFriends;
			sourceTree = "<group>";
		};
		7FD3517B227E356C007A3B16 /* FiveFriendsTests */ = {
			isa = PBXGroup;
			children = (
				7FD3517C227E356C007A3B16 /* FiveFriendsTests.swift */,
				7FD3517E227E356C007A3B16 /* Info.plist */,
			);
			path = FiveFriendsTests;
			sourceTree = "<group>";
		};
		7FD35186227E356C007A3B16 /* FiveFriendsUITests */ = {
			isa = PBXGroup;
			children = (
				7FD35187227E356C007A3B16 /* FiveFriendsUITests.swift */,
				7FD35189227E356C007A3B16 /* Info.plist */,
			);
			path = FiveFriendsUITests;
			sourceTree = "<group>";
		};
		ECE7B841FF4051C6E27B93FC /* Pods */ = {
			isa = PBXGroup;
			children = (
				729C42546DEFF6C3EB32415B /* Pods-FiveFriends.debug.xcconfig */,
				3B9ACCF8369E9CD447C24B23 /* Pods-FiveFriends.release.xcconfig */,
				D2C0188553EE331D72D07251 /* Pods-FiveFriendsTests.debug.xcconfig */,
				6AB94ECBBE4FD747193D98F3 /* Pods-FiveFriendsTests.release.xcconfig */,
				39D7016AF9DD59618F8A1976 /* Pods-FiveFriendsUITests.debug.xcconfig */,
				96EE1B03B7BE58E66858D2A2 /* Pods-FiveFriendsUITests.release.xcconfig */,
			);
			path = Pods;
			sourceTree = "<group>";
		};
/* End PBXGroup section */

/* Begin PBXNativeTarget section */
		7FD35163227E356A007A3B16 /* FiveFriends */ = {
			isa = PBXNativeTarget;
			buildConfigurationList = 7FD3518C227E356C007A3B16 /* Build configuration list for PBXNativeTarget "FiveFriends" */;
			buildPhases = (
				C4530942885799E7899EE2EC /* [CP] Check Pods Manifest.lock */,
				7FD35160227E356A007A3B16 /* Sources */,
				7FD35161227E356A007A3B16 /* Frameworks */,
				7FD35162227E356A007A3B16 /* Resources */,
				376267B3D35C480341624BFB /* [CP] Embed Pods Frameworks */,
			);
			buildRules = (
			);
			dependencies = (
			);
			name = FiveFriends;
			productName = FiveFriends;
			productReference = 7FD35164227E356A007A3B16 /* FiveFriends.app */;
			productType = "com.apple.product-type.application";
		};
		7FD35177227E356B007A3B16 /* FiveFriendsTests */ = {
			isa = PBXNativeTarget;
			buildConfigurationList = 7FD3518F227E356C007A3B16 /* Build configuration list for PBXNativeTarget "FiveFriendsTests" */;
			buildPhases = (
				1A9A334C51CC2CEDA5942A32 /* [CP] Check Pods Manifest.lock */,
				7FD35174227E356B007A3B16 /* Sources */,
				7FD35175227E356B007A3B16 /* Frameworks */,
				7FD35176227E356B007A3B16 /* Resources */,
				31E870C602D6F2573484422B /* [CP] Embed Pods Frameworks */,
			);
			buildRules = (
			);
			dependencies = (
				7FD3517A227E356C007A3B16 /* PBXTargetDependency */,
			);
			name = FiveFriendsTests;
			productName = FiveFriendsTests;
			productReference = 7FD35178227E356B007A3B16 /* FiveFriendsTests.xctest */;
			productType = "com.apple.product-type.bundle.unit-test";
		};
		7FD35182227E356C007A3B16 /* FiveFriendsUITests */ = {
			isa = PBXNativeTarget;
			buildConfigurationList = 7FD35192227E356C007A3B16 /* Build configuration list for PBXNativeTarget "FiveFriendsUITests" */;
			buildPhases = (
				BD940E2A03498C090541577C /* [CP] Check Pods Manifest.lock */,
				7FD3517F227E356C007A3B16 /* Sources */,
				7FD35180227E356C007A3B16 /* Frameworks */,
				7FD35181227E356C007A3B16 /* Resources */,
				7A1FA49BB9B99213845AC398 /* [CP] Embed Pods Frameworks */,
			);
			buildRules = (
			);
			dependencies = (
				7FD35185227E356C007A3B16 /* PBXTargetDependency */,
			);
			name = FiveFriendsUITests;
			productName = FiveFriendsUITests;
			productReference = 7FD35183227E356C007A3B16 /* FiveFriendsUITests.xctest */;
			productType = "com.apple.product-type.bundle.ui-testing";
		};
/* End PBXNativeTarget section */

/* Begin PBXProject section */
		7FD3515C227E356A007A3B16 /* Project object */ = {
			isa = PBXProject;
			attributes = {
				LastSwiftUpdateCheck = 1020;
				LastUpgradeCheck = 1020;
				ORGANIZATIONNAME = "Aniket Kulkarni";
				TargetAttributes = {
					7FD35163227E356A007A3B16 = {
						CreatedOnToolsVersion = 10.2;
					};
					7FD35177227E356B007A3B16 = {
						CreatedOnToolsVersion = 10.2;
						TestTargetID = 7FD35163227E356A007A3B16;
					};
					7FD35182227E356C007A3B16 = {
						CreatedOnToolsVersion = 10.2;
						TestTargetID = 7FD35163227E356A007A3B16;
					};
				};
			};
			buildConfigurationList = 7FD3515F227E356A007A3B16 /* Build configuration list for PBXProject "FiveFriends" */;
			compatibilityVersion = "Xcode 9.3";
			developmentRegion = en;
			hasScannedForEncodings = 0;
			knownRegions = (
				en,
				Base,
			);
			mainGroup = 7FD3515B227E356A007A3B16;
			productRefGroup = 7FD35165227E356A007A3B16 /* Products */;
			projectDirPath = "";
			projectRoot = "";
			targets = (
				7FD35163227E356A007A3B16 /* FiveFriends */,
				7FD35177227E356B007A3B16 /* FiveFriendsTests */,
				7FD35182227E356C007A3B16 /* FiveFriendsUITests */,
			);
		};
/* End PBXProject section */

/* Begin PBXResourcesBuildPhase section */
		7FD35162227E356A007A3B16 /* Resources */ = {
			isa = PBXResourcesBuildPhase;
			buildActionMask = 2147483647;
			files = (
				7FD35198227E3845007A3B16 /* .gitignore in Resources */,
				7FD35172227E356B007A3B16 /* LaunchScreen.storyboard in Resources */,
				7FD3516F227E356B007A3B16 /* Assets.xcassets in Resources */,
				7FD35196227E3646007A3B16 /* Podfile in Resources */,
				7FD3516D227E356A007A3B16 /* Main.storyboard in Resources */,
			);
			runOnlyForDeploymentPostprocessing = 0;
		};
		7FD35176227E356B007A3B16 /* Resources */ = {
			isa = PBXResourcesBuildPhase;
			buildActionMask = 2147483647;
			files = (
			);
			runOnlyForDeploymentPostprocessing = 0;
		};
		7FD35181227E356C007A3B16 /* Resources */ = {
			isa = PBXResourcesBuildPhase;
			buildActionMask = 2147483647;
			files = (
			);
			runOnlyForDeploymentPostprocessing = 0;
		};
/* End PBXResourcesBuildPhase section */

/* Begin PBXShellScriptBuildPhase section */
		1A9A334C51CC2CEDA5942A32 /* [CP] Check Pods Manifest.lock */ = {
			isa = PBXShellScriptBuildPhase;
			buildActionMask = 2147483647;
			files = (
			);
			inputFileListPaths = (
			);
			inputPaths = (
				"${PODS_PODFILE_DIR_PATH}/Podfile.lock",
				"${PODS_ROOT}/Manifest.lock",
			);
			name = "[CP] Check Pods Manifest.lock";
			outputFileListPaths = (
			);
			outputPaths = (
				"$(DERIVED_FILE_DIR)/Pods-FiveFriendsTests-checkManifestLockResult.txt",
			);
			runOnlyForDeploymentPostprocessing = 0;
			shellPath = /bin/sh;
			shellScript = "diff \"${PODS_PODFILE_DIR_PATH}/Podfile.lock\" \"${PODS_ROOT}/Manifest.lock\" > /dev/null\nif [ $? != 0 ] ; then\n    # print error to STDERR\n    echo \"error: The sandbox is not in sync with the Podfile.lock. Run 'pod install' or update your CocoaPods installation.\" >&2\n    exit 1\nfi\n# This output is used by Xcode 'outputs' to avoid re-running this script phase.\necho \"SUCCESS\" > \"${SCRIPT_OUTPUT_FILE_0}\"\n";
			showEnvVarsInLog = 0;
		};
		31E870C602D6F2573484422B /* [CP] Embed Pods Frameworks */ = {
			isa = PBXShellScriptBuildPhase;
			buildActionMask = 2147483647;
			files = (
			);
			inputFileListPaths = (
			);
			inputPaths = (
				"${PODS_ROOT}/Target Support Files/Pods-FiveFriendsTests/Pods-FiveFriendsTests-frameworks.sh",
				"${BUILT_PRODUCTS_DIR}/RxSwift/RxSwift.framework",
				"${BUILT_PRODUCTS_DIR}/RxBlocking/RxBlocking.framework",
				"${BUILT_PRODUCTS_DIR}/RxTest/RxTest.framework",
			);
			name = "[CP] Embed Pods Frameworks";
			outputFileListPaths = (
			);
			outputPaths = (
				"${TARGET_BUILD_DIR}/${FRAMEWORKS_FOLDER_PATH}/RxSwift.framework",
				"${TARGET_BUILD_DIR}/${FRAMEWORKS_FOLDER_PATH}/RxBlocking.framework",
				"${TARGET_BUILD_DIR}/${FRAMEWORKS_FOLDER_PATH}/RxTest.framework",
			);
			runOnlyForDeploymentPostprocessing = 0;
			shellPath = /bin/sh;
			shellScript = "\"${PODS_ROOT}/Target Support Files/Pods-FiveFriendsTests/Pods-FiveFriendsTests-frameworks.sh\"\n";
			showEnvVarsInLog = 0;
		};
		376267B3D35C480341624BFB /* [CP] Embed Pods Frameworks */ = {
			isa = PBXShellScriptBuildPhase;
			buildActionMask = 2147483647;
			files = (
			);
			inputFileListPaths = (
			);
			inputPaths = (
				"${PODS_ROOT}/Target Support Files/Pods-FiveFriends/Pods-FiveFriends-frameworks.sh",
				"${BUILT_PRODUCTS_DIR}/RxCocoa/RxCocoa.framework",
				"${BUILT_PRODUCTS_DIR}/RxRelay/RxRelay.framework",
				"${BUILT_PRODUCTS_DIR}/RxSwift/RxSwift.framework",
			);
			name = "[CP] Embed Pods Frameworks";
			outputFileListPaths = (
			);
			outputPaths = (
				"${TARGET_BUILD_DIR}/${FRAMEWORKS_FOLDER_PATH}/RxCocoa.framework",
				"${TARGET_BUILD_DIR}/${FRAMEWORKS_FOLDER_PATH}/RxRelay.framework",
				"${TARGET_BUILD_DIR}/${FRAMEWORKS_FOLDER_PATH}/RxSwift.framework",
			);
			runOnlyForDeploymentPostprocessing = 0;
			shellPath = /bin/sh;
			shellScript = "\"${PODS_ROOT}/Target Support Files/Pods-FiveFriends/Pods-FiveFriends-frameworks.sh\"\n";
			showEnvVarsInLog = 0;
		};
		7A1FA49BB9B99213845AC398 /* [CP] Embed Pods Frameworks */ = {
			isa = PBXShellScriptBuildPhase;
			buildActionMask = 2147483647;
			files = (
			);
			inputFileListPaths = (
			);
			inputPaths = (
				"${PODS_ROOT}/Target Support Files/Pods-FiveFriendsUITests/Pods-FiveFriendsUITests-frameworks.sh",
				"${BUILT_PRODUCTS_DIR}/RxSwift/RxSwift.framework",
				"${BUILT_PRODUCTS_DIR}/RxBlocking/RxBlocking.framework",
				"${BUILT_PRODUCTS_DIR}/RxTest/RxTest.framework",
			);
			name = "[CP] Embed Pods Frameworks";
			outputFileListPaths = (
			);
			outputPaths = (
				"${TARGET_BUILD_DIR}/${FRAMEWORKS_FOLDER_PATH}/RxSwift.framework",
				"${TARGET_BUILD_DIR}/${FRAMEWORKS_FOLDER_PATH}/RxBlocking.framework",
				"${TARGET_BUILD_DIR}/${FRAMEWORKS_FOLDER_PATH}/RxTest.framework",
			);
			runOnlyForDeploymentPostprocessing = 0;
			shellPath = /bin/sh;
			shellScript = "\"${PODS_ROOT}/Target Support Files/Pods-FiveFriendsUITests/Pods-FiveFriendsUITests-frameworks.sh\"\n";
			showEnvVarsInLog = 0;
		};
		BD940E2A03498C090541577C /* [CP] Check Pods Manifest.lock */ = {
			isa = PBXShellScriptBuildPhase;
			buildActionMask = 2147483647;
			files = (
			);
			inputFileListPaths = (
			);
			inputPaths = (
				"${PODS_PODFILE_DIR_PATH}/Podfile.lock",
				"${PODS_ROOT}/Manifest.lock",
			);
			name = "[CP] Check Pods Manifest.lock";
			outputFileListPaths = (
			);
			outputPaths = (
				"$(DERIVED_FILE_DIR)/Pods-FiveFriendsUITests-checkManifestLockResult.txt",
			);
			runOnlyForDeploymentPostprocessing = 0;
			shellPath = /bin/sh;
			shellScript = "diff \"${PODS_PODFILE_DIR_PATH}/Podfile.lock\" \"${PODS_ROOT}/Manifest.lock\" > /dev/null\nif [ $? != 0 ] ; then\n    # print error to STDERR\n    echo \"error: The sandbox is not in sync with the Podfile.lock. Run 'pod install' or update your CocoaPods installation.\" >&2\n    exit 1\nfi\n# This output is used by Xcode 'outputs' to avoid re-running this script phase.\necho \"SUCCESS\" > \"${SCRIPT_OUTPUT_FILE_0}\"\n";
			showEnvVarsInLog = 0;
		};
		C4530942885799E7899EE2EC /* [CP] Check Pods Manifest.lock */ = {
			isa = PBXShellScriptBuildPhase;
			buildActionMask = 2147483647;
			files = (
			);
			inputFileListPaths = (
			);
			inputPaths = (
				"${PODS_PODFILE_DIR_PATH}/Podfile.lock",
				"${PODS_ROOT}/Manifest.lock",
			);
			name = "[CP] Check Pods Manifest.lock";
			outputFileListPaths = (
			);
			outputPaths = (
				"$(DERIVED_FILE_DIR)/Pods-FiveFriends-checkManifestLockResult.txt",
			);
			runOnlyForDeploymentPostprocessing = 0;
			shellPath = /bin/sh;
			shellScript = "diff \"${PODS_PODFILE_DIR_PATH}/Podfile.lock\" \"${PODS_ROOT}/Manifest.lock\" > /dev/null\nif [ $? != 0 ] ; then\n    # print error to STDERR\n    echo \"error: The sandbox is not in sync with the Podfile.lock. Run 'pod install' or update your CocoaPods installation.\" >&2\n    exit 1\nfi\n# This output is used by Xcode 'outputs' to avoid re-running this script phase.\necho \"SUCCESS\" > \"${SCRIPT_OUTPUT_FILE_0}\"\n";
			showEnvVarsInLog = 0;
		};
/* End PBXShellScriptBuildPhase section */

/* Begin PBXSourcesBuildPhase section */
		7FD35160227E356A007A3B16 /* Sources */ = {
			isa = PBXSourcesBuildPhase;
			buildActionMask = 2147483647;
			files = (
				7FD3516A227E356A007A3B16 /* ViewController.swift in Sources */,
				7FD35168227E356A007A3B16 /* AppDelegate.swift in Sources */,
			);
			runOnlyForDeploymentPostprocessing = 0;
		};
		7FD35174227E356B007A3B16 /* Sources */ = {
			isa = PBXSourcesBuildPhase;
			buildActionMask = 2147483647;
			files = (
				7FD3517D227E356C007A3B16 /* FiveFriendsTests.swift in Sources */,
			);
			runOnlyForDeploymentPostprocessing = 0;
		};
		7FD3517F227E356C007A3B16 /* Sources */ = {
			isa = PBXSourcesBuildPhase;
			buildActionMask = 2147483647;
			files = (
				7FD35188227E356C007A3B16 /* FiveFriendsUITests.swift in Sources */,
			);
			runOnlyForDeploymentPostprocessing = 0;
		};
/* End PBXSourcesBuildPhase section */

/* Begin PBXTargetDependency section */
		7FD3517A227E356C007A3B16 /* PBXTargetDependency */ = {
			isa = PBXTargetDependency;
			target = 7FD35163227E356A007A3B16 /* FiveFriends */;
			targetProxy = 7FD35179227E356C007A3B16 /* PBXContainerItemProxy */;
		};
		7FD35185227E356C007A3B16 /* PBXTargetDependency */ = {
			isa = PBXTargetDependency;
			target = 7FD35163227E356A007A3B16 /* FiveFriends */;
			targetProxy = 7FD35184227E356C007A3B16 /* PBXContainerItemProxy */;
		};
/* End PBXTargetDependency section */

/* Begin PBXVariantGroup section */
		7FD3516B227E356A007A3B16 /* Main.storyboard */ = {
			isa = PBXVariantGroup;
			children = (
				7FD3516C227E356A007A3B16 /* Base */,
			);
			name = Main.storyboard;
			sourceTree = "<group>";
		};
		7FD35170227E356B007A3B16 /* LaunchScreen.storyboard */ = {
			isa = PBXVariantGroup;
			children = (
				7FD35171227E356B007A3B16 /* Base */,
			);
			name = LaunchScreen.storyboard;
			sourceTree = "<group>";
		};
/* End PBXVariantGroup section */

/* Begin XCBuildConfiguration section */
		7FD3518A227E356C007A3B16 /* Debug */ = {
			isa = XCBuildConfiguration;
			buildSettings = {
				ALWAYS_SEARCH_USER_PATHS = NO;
				CLANG_ANALYZER_NONNULL = YES;
				CLANG_ANALYZER_NUMBER_OBJECT_CONVERSION = YES_AGGRESSIVE;
				CLANG_CXX_LANGUAGE_STANDARD = "gnu++14";
				CLANG_CXX_LIBRARY = "libc++";
				CLANG_ENABLE_MODULES = YES;
				CLANG_ENABLE_OBJC_ARC = YES;
				CLANG_ENABLE_OBJC_WEAK = YES;
				CLANG_WARN_BLOCK_CAPTURE_AUTORELEASING = YES;
				CLANG_WARN_BOOL_CONVERSION = YES;
				CLANG_WARN_COMMA = YES;
				CLANG_WARN_CONSTANT_CONVERSION = YES;
				CLANG_WARN_DEPRECATED_OBJC_IMPLEMENTATIONS = YES;
				CLANG_WARN_DIRECT_OBJC_ISA_USAGE = YES_ERROR;
				CLANG_WARN_DOCUMENTATION_COMMENTS = YES;
				CLANG_WARN_EMPTY_BODY = YES;
				CLANG_WARN_ENUM_CONVERSION = YES;
				CLANG_WARN_INFINITE_RECURSION = YES;
				CLANG_WARN_INT_CONVERSION = YES;
				CLANG_WARN_NON_LITERAL_NULL_CONVERSION = YES;
				CLANG_WARN_OBJC_IMPLICIT_RETAIN_SELF = YES;
				CLANG_WARN_OBJC_LITERAL_CONVERSION = YES;
				CLANG_WARN_OBJC_ROOT_CLASS = YES_ERROR;
				CLANG_WARN_RANGE_LOOP_ANALYSIS = YES;
				CLANG_WARN_STRICT_PROTOTYPES = YES;
				CLANG_WARN_SUSPICIOUS_MOVE = YES;
				CLANG_WARN_UNGUARDED_AVAILABILITY = YES_AGGRESSIVE;
				CLANG_WARN_UNREACHABLE_CODE = YES;
				CLANG_WARN__DUPLICATE_METHOD_MATCH = YES;
				CODE_SIGN_IDENTITY = "iPhone Developer";
				COPY_PHASE_STRIP = NO;
				DEBUG_INFORMATION_FORMAT = dwarf;
				ENABLE_STRICT_OBJC_MSGSEND = YES;
				ENABLE_TESTABILITY = YES;
				GCC_C_LANGUAGE_STANDARD = gnu11;
				GCC_DYNAMIC_NO_PIC = NO;
				GCC_NO_COMMON_BLOCKS = YES;
				GCC_OPTIMIZATION_LEVEL = 0;
				GCC_PREPROCESSOR_DEFINITIONS = (
					"DEBUG=1",
					"$(inherited)",
				);
				GCC_WARN_64_TO_32_BIT_CONVERSION = YES;
				GCC_WARN_ABOUT_RETURN_TYPE = YES_ERROR;
				GCC_WARN_UNDECLARED_SELECTOR = YES;
				GCC_WARN_UNINITIALIZED_AUTOS = YES_AGGRESSIVE;
				GCC_WARN_UNUSED_FUNCTION = YES;
				GCC_WARN_UNUSED_VARIABLE = YES;
				IPHONEOS_DEPLOYMENT_TARGET = 12.2;
				MTL_ENABLE_DEBUG_INFO = INCLUDE_SOURCE;
				MTL_FAST_MATH = YES;
				ONLY_ACTIVE_ARCH = YES;
				SDKROOT = iphoneos;
				SWIFT_ACTIVE_COMPILATION_CONDITIONS = DEBUG;
				SWIFT_OPTIMIZATION_LEVEL = "-Onone";
			};
			name = Debug;
		};
		7FD3518B227E356C007A3B16 /* Release */ = {
			isa = XCBuildConfiguration;
			buildSettings = {
				ALWAYS_SEARCH_USER_PATHS = NO;
				CLANG_ANALYZER_NONNULL = YES;
				CLANG_ANALYZER_NUMBER_OBJECT_CONVERSION = YES_AGGRESSIVE;
				CLANG_CXX_LANGUAGE_STANDARD = "gnu++14";
				CLANG_CXX_LIBRARY = "libc++";
				CLANG_ENABLE_MODULES = YES;
				CLANG_ENABLE_OBJC_ARC = YES;
				CLANG_ENABLE_OBJC_WEAK = YES;
				CLANG_WARN_BLOCK_CAPTURE_AUTORELEASING = YES;
				CLANG_WARN_BOOL_CONVERSION = YES;
				CLANG_WARN_COMMA = YES;
				CLANG_WARN_CONSTANT_CONVERSION = YES;
				CLANG_WARN_DEPRECATED_OBJC_IMPLEMENTATIONS = YES;
				CLANG_WARN_DIRECT_OBJC_ISA_USAGE = YES_ERROR;
				CLANG_WARN_DOCUMENTATION_COMMENTS = YES;
				CLANG_WARN_EMPTY_BODY = YES;
				CLANG_WARN_ENUM_CONVERSION = YES;
				CLANG_WARN_INFINITE_RECURSION = YES;
				CLANG_WARN_INT_CONVERSION = YES;
				CLANG_WARN_NON_LITERAL_NULL_CONVERSION = YES;
				CLANG_WARN_OBJC_IMPLICIT_RETAIN_SELF = YES;
				CLANG_WARN_OBJC_LITERAL_CONVERSION = YES;
				CLANG_WARN_OBJC_ROOT_CLASS = YES_ERROR;
				CLANG_WARN_RANGE_LOOP_ANALYSIS = YES;
				CLANG_WARN_STRICT_PROTOTYPES = YES;
				CLANG_WARN_SUSPICIOUS_MOVE = YES;
				CLANG_WARN_UNGUARDED_AVAILABILITY = YES_AGGRESSIVE;
				CLANG_WARN_UNREACHABLE_CODE = YES;
				CLANG_WARN__DUPLICATE_METHOD_MATCH = YES;
				CODE_SIGN_IDENTITY = "iPhone Developer";
				COPY_PHASE_STRIP = NO;
				DEBUG_INFORMATION_FORMAT = "dwarf-with-dsym";
				ENABLE_NS_ASSERTIONS = NO;
				ENABLE_STRICT_OBJC_MSGSEND = YES;
				GCC_C_LANGUAGE_STANDARD = gnu11;
				GCC_NO_COMMON_BLOCKS = YES;
				GCC_WARN_64_TO_32_BIT_CONVERSION = YES;
				GCC_WARN_ABOUT_RETURN_TYPE = YES_ERROR;
				GCC_WARN_UNDECLARED_SELECTOR = YES;
				GCC_WARN_UNINITIALIZED_AUTOS = YES_AGGRESSIVE;
				GCC_WARN_UNUSED_FUNCTION = YES;
				GCC_WARN_UNUSED_VARIABLE = YES;
				IPHONEOS_DEPLOYMENT_TARGET = 12.2;
				MTL_ENABLE_DEBUG_INFO = NO;
				MTL_FAST_MATH = YES;
				SDKROOT = iphoneos;
				SWIFT_COMPILATION_MODE = wholemodule;
				SWIFT_OPTIMIZATION_LEVEL = "-O";
				VALIDATE_PRODUCT = YES;
			};
			name = Release;
		};
		7FD3518D227E356C007A3B16 /* Debug */ = {
			isa = XCBuildConfiguration;
			baseConfigurationReference = 729C42546DEFF6C3EB32415B /* Pods-FiveFriends.debug.xcconfig */;
			buildSettings = {
				ASSETCATALOG_COMPILER_APPICON_NAME = AppIcon;
				CODE_SIGN_STYLE = Automatic;
				DEVELOPMENT_TEAM = J9V653T5D6;
				INFOPLIST_FILE = FiveFriends/Info.plist;
				LD_RUNPATH_SEARCH_PATHS = (
					"$(inherited)",
					"@executable_path/Frameworks",
				);
				PRODUCT_BUNDLE_IDENTIFIER = AK.FiveFriends;
				PRODUCT_NAME = "$(TARGET_NAME)";
				SWIFT_VERSION = 5.0;
				TARGETED_DEVICE_FAMILY = "1,2";
			};
			name = Debug;
		};
		7FD3518E227E356C007A3B16 /* Release */ = {
			isa = XCBuildConfiguration;
			baseConfigurationReference = 3B9ACCF8369E9CD447C24B23 /* Pods-FiveFriends.release.xcconfig */;
			buildSettings = {
				ASSETCATALOG_COMPILER_APPICON_NAME = AppIcon;
				CODE_SIGN_STYLE = Automatic;
				DEVELOPMENT_TEAM = J9V653T5D6;
				INFOPLIST_FILE = FiveFriends/Info.plist;
				LD_RUNPATH_SEARCH_PATHS = (
					"$(inherited)",
					"@executable_path/Frameworks",
				);
				PRODUCT_BUNDLE_IDENTIFIER = AK.FiveFriends;
				PRODUCT_NAME = "$(TARGET_NAME)";
				SWIFT_VERSION = 5.0;
				TARGETED_DEVICE_FAMILY = "1,2";
			};
			name = Release;
		};
		7FD35190227E356C007A3B16 /* Debug */ = {
			isa = XCBuildConfiguration;
			baseConfigurationReference = D2C0188553EE331D72D07251 /* Pods-FiveFriendsTests.debug.xcconfig */;
			buildSettings = {
				BUNDLE_LOADER = "$(TEST_HOST)";
				CODE_SIGN_STYLE = Automatic;
				DEVELOPMENT_TEAM = J9V653T5D6;
				INFOPLIST_FILE = FiveFriendsTests/Info.plist;
				LD_RUNPATH_SEARCH_PATHS = (
					"$(inherited)",
					"@executable_path/Frameworks",
					"@loader_path/Frameworks",
				);
				PRODUCT_BUNDLE_IDENTIFIER = AK.FiveFriendsTests;
				PRODUCT_NAME = "$(TARGET_NAME)";
				SWIFT_VERSION = 5.0;
				TARGETED_DEVICE_FAMILY = "1,2";
				TEST_HOST = "$(BUILT_PRODUCTS_DIR)/FiveFriends.app/FiveFriends";
			};
			name = Debug;
		};
		7FD35191227E356C007A3B16 /* Release */ = {
			isa = XCBuildConfiguration;
			baseConfigurationReference = 6AB94ECBBE4FD747193D98F3 /* Pods-FiveFriendsTests.release.xcconfig */;
			buildSettings = {
				BUNDLE_LOADER = "$(TEST_HOST)";
				CODE_SIGN_STYLE = Automatic;
				DEVELOPMENT_TEAM = J9V653T5D6;
				INFOPLIST_FILE = FiveFriendsTests/Info.plist;
				LD_RUNPATH_SEARCH_PATHS = (
					"$(inherited)",
					"@executable_path/Frameworks",
					"@loader_path/Frameworks",
				);
				PRODUCT_BUNDLE_IDENTIFIER = AK.FiveFriendsTests;
				PRODUCT_NAME = "$(TARGET_NAME)";
				SWIFT_VERSION = 5.0;
				TARGETED_DEVICE_FAMILY = "1,2";
				TEST_HOST = "$(BUILT_PRODUCTS_DIR)/FiveFriends.app/FiveFriends";
			};
			name = Release;
		};
		7FD35193227E356C007A3B16 /* Debug */ = {
			isa = XCBuildConfiguration;
			baseConfigurationReference = 39D7016AF9DD59618F8A1976 /* Pods-FiveFriendsUITests.debug.xcconfig */;
			buildSettings = {
				CODE_SIGN_STYLE = Automatic;
				DEVELOPMENT_TEAM = J9V653T5D6;
				INFOPLIST_FILE = FiveFriendsUITests/Info.plist;
				LD_RUNPATH_SEARCH_PATHS = (
					"$(inherited)",
					"@executable_path/Frameworks",
					"@loader_path/Frameworks",
				);
				PRODUCT_BUNDLE_IDENTIFIER = AK.FiveFriendsUITests;
				PRODUCT_NAME = "$(TARGET_NAME)";
				SWIFT_VERSION = 5.0;
				TARGETED_DEVICE_FAMILY = "1,2";
				TEST_TARGET_NAME = FiveFriends;
			};
			name = Debug;
		};
		7FD35194227E356C007A3B16 /* Release */ = {
			isa = XCBuildConfiguration;
			baseConfigurationReference = 96EE1B03B7BE58E66858D2A2 /* Pods-FiveFriendsUITests.release.xcconfig */;
			buildSettings = {
				CODE_SIGN_STYLE = Automatic;
				DEVELOPMENT_TEAM = J9V653T5D6;
				INFOPLIST_FILE = FiveFriendsUITests/Info.plist;
				LD_RUNPATH_SEARCH_PATHS = (
					"$(inherited)",
					"@executable_path/Frameworks",
					"@loader_path/Frameworks",
				);
				PRODUCT_BUNDLE_IDENTIFIER = AK.FiveFriendsUITests;
				PRODUCT_NAME = "$(TARGET_NAME)";
				SWIFT_VERSION = 5.0;
				TARGETED_DEVICE_FAMILY = "1,2";
				TEST_TARGET_NAME = FiveFriends;
			};
			name = Release;
		};
/* End XCBuildConfiguration section */

/* Begin XCConfigurationList section */
		7FD3515F227E356A007A3B16 /* Build configuration list for PBXProject "FiveFriends" */ = {
			isa = XCConfigurationList;
			buildConfigurations = (
				7FD3518A227E356C007A3B16 /* Debug */,
				7FD3518B227E356C007A3B16 /* Release */,
			);
			defaultConfigurationIsVisible = 0;
			defaultConfigurationName = Release;
		};
		7FD3518C227E356C007A3B16 /* Build configuration list for PBXNativeTarget "FiveFriends" */ = {
			isa = XCConfigurationList;
			buildConfigurations = (
				7FD3518D227E356C007A3B16 /* Debug */,
				7FD3518E227E356C007A3B16 /* Release */,
			);
			defaultConfigurationIsVisible = 0;
			defaultConfigurationName = Release;
		};
		7FD3518F227E356C007A3B16 /* Build configuration list for PBXNativeTarget "FiveFriendsTests" */ = {
			isa = XCConfigurationList;
			buildConfigurations = (
				7FD35190227E356C007A3B16 /* Debug */,
				7FD35191227E356C007A3B16 /* Release */,
			);
			defaultConfigurationIsVisible = 0;
			defaultConfigurationName = Release;
		};
		7FD35192227E356C007A3B16 /* Build configuration list for PBXNativeTarget "FiveFriendsUITests" */ = {
			isa = XCConfigurationList;
			buildConfigurations = (
				7FD35193227E356C007A3B16 /* Debug */,
				7FD35194227E356C007A3B16 /* Release */,
			);
			defaultConfigurationIsVisible = 0;
			defaultConfigurationName = Release;
		};
/* End XCConfigurationList section */
	};
	rootObject = 7FD3515C227E356A007A3B16 /* Project object */;
}
